
Microsoft Visual Studio Solution File, Format Version 12.00
# Visual Studio Version 17
VisualStudioVersion = 17.11.35222.181
MinimumVisualStudioVersion = 10.0.40219.1
Project("{9A19103F-16F7-4668-BE54-9A1E7A4F7556}") = "Assignment1_8909493", "Assignmnent1_8909493\Assignment1_8909493.csproj", "{782EF94E-56D2-4B9E-8463-2CA677DF6429}"
EndProject
Global
	GlobalSection(SolutionConfigurationPlatforms) = preSolution
		Debug|Any CPU = Debug|Any CPU
		Release|Any CPU = Release|Any CPU
	EndGlobalSection
	GlobalSection(ProjectConfigurationPlatforms) = postSolution
		{782EF94E-56D2-4B9E-8463-2CA677DF6429}.Debug|Any CPU.ActiveCfg = Debug|Any CPU
		{782EF94E-56D2-4B9E-8463-2CA677DF6429}.Debug|Any CPU.Build.0 = Debug|Any CPU
		{782EF94E-56D2-4B9E-8463-2CA677DF6429}.Release|Any CPU.ActiveCfg = Release|Any CPU
		{782EF94E-56D2-4B9E-8463-2CA677DF6429}.Release|Any CPU.Build.0 = Release|Any CPU
	EndGlobalSection
	GlobalSection(SolutionProperties) = preSolution
		HideSolutionNode = FALSE
	EndGlobalSection
	GlobalSection(ExtensibilityGlobals) = postSolution
		SolutionGuid = {31E94C44-F51B-4548-BF5A-53C06082003A}
	EndGlobalSection
EndGlobal
